
Microsoft Visual Studio Solution File, Format Version 12.00
# Visual Studio Version 17
VisualStudioVersion = 17.10.34928.147
MinimumVisualStudioVersion = 10.0.40219.1
Project("{FAE04EC0-301F-11D3-BF4B-00C04F79EFBC}") = "BurgerBuilder", "BurgerBuilder.csproj", "{70178B3C-007E-480C-867E-8BD27D9D8729}"
EndProject
Project("{FAE04EC0-301F-11D3-BF4B-00C04F79EFBC}") = "MSTestBurgerBuilder", "..\MSTestBurgerBuilder\MSTestBurgerBuilder.csproj", "{075AFCEE-3205-4E88-86D0-9F782590961A}"
EndProject
Global
	GlobalSection(SolutionConfigurationPlatforms) = preSolution
		Debug|Any CPU = Debug|Any CPU
		Release|Any CPU = Release|Any CPU
	EndGlobalSection
	GlobalSection(ProjectConfigurationPlatforms) = postSolution
		{70178B3C-007E-480C-867E-8BD27D9D8729}.Debug|Any CPU.ActiveCfg = Debug|Any CPU
		{70178B3C-007E-480C-867E-8BD27D9D8729}.Debug|Any CPU.Build.0 = Debug|Any CPU
		{70178B3C-007E-480C-867E-8BD27D9D8729}.Release|Any CPU.ActiveCfg = Release|Any CPU
		{70178B3C-007E-480C-867E-8BD27D9D8729}.Release|Any CPU.Build.0 = Release|Any CPU
		{075AFCEE-3205-4E88-86D0-9F782590961A}.Debug|Any CPU.ActiveCfg = Debug|Any CPU
		{075AFCEE-3205-4E88-86D0-9F782590961A}.Debug|Any CPU.Build.0 = Debug|Any CPU
		{075AFCEE-3205-4E88-86D0-9F782590961A}.Release|Any CPU.ActiveCfg = Release|Any CPU
		{075AFCEE-3205-4E88-86D0-9F782590961A}.Release|Any CPU.Build.0 = Release|Any CPU
	EndGlobalSection
	GlobalSection(SolutionProperties) = preSolution
		HideSolutionNode = FALSE
	EndGlobalSection
	GlobalSection(ExtensibilityGlobals) = postSolution
		SolutionGuid = {D9ABE899-4337-4EBD-8FDE-09AF391CC7FE}
	EndGlobalSection
EndGlobal
